
Microsoft Visual Studio Solution File, Format Version 12.00
# Visual Studio Version 16
VisualStudioVersion = 16.0.28803.352
MinimumVisualStudioVersion = 10.0.40219.1
Project("{778DAE3C-4631-46EA-AA77-85C1314464D9}") = "2.1AhoraEs", "2.1AhoraEs\2.1AhoraEs.vbproj", "{AFC92C80-32AD-4EE7-B31E-DF3AE3140F28}"
EndProject
Project("{778DAE3C-4631-46EA-AA77-85C1314464D9}") = "2.2Nueva_Fecha", "2.2Nueva_Fecha\2.2Nueva_Fecha.vbproj", "{7114FD85-A1BE-44DB-8C01-DF01A393405A}"
EndProject
Project("{778DAE3C-4631-46EA-AA77-85C1314464D9}") = "2.3Hipotenusa", "2.3Hipotenusa\2.3Hipotenusa.vbproj", "{1AAAC017-39B6-4CA9-94B4-32E992D1F541}"
EndProject
Project("{778DAE3C-4631-46EA-AA77-85C1314464D9}") = "2.4VolumenCilindro", "2.4VolumenCilindro\2.4VolumenCilindro.vbproj", "{354131C5-A0BC-4A89-A48A-77D11DCA416C}"
EndProject
Project("{778DAE3C-4631-46EA-AA77-85C1314464D9}") = "2.5Potencia", "2.5Potencia\2.5Potencia.vbproj", "{EE54C4F5-115D-484E-BB78-DCBB8861C804}"
EndProject
Global
	GlobalSection(SolutionConfigurationPlatforms) = preSolution
		Debug|Any CPU = Debug|Any CPU
		Release|Any CPU = Release|Any CPU
	EndGlobalSection
	GlobalSection(ProjectConfigurationPlatforms) = postSolution
		{AFC92C80-32AD-4EE7-B31E-DF3AE3140F28}.Debug|Any CPU.ActiveCfg = Debug|Any CPU
		{AFC92C80-32AD-4EE7-B31E-DF3AE3140F28}.Debug|Any CPU.Build.0 = Debug|Any CPU
		{AFC92C80-32AD-4EE7-B31E-DF3AE3140F28}.Release|Any CPU.ActiveCfg = Release|Any CPU
		{AFC92C80-32AD-4EE7-B31E-DF3AE3140F28}.Release|Any CPU.Build.0 = Release|Any CPU
		{7114FD85-A1BE-44DB-8C01-DF01A393405A}.Debug|Any CPU.ActiveCfg = Debug|Any CPU
		{7114FD85-A1BE-44DB-8C01-DF01A393405A}.Debug|Any CPU.Build.0 = Debug|Any CPU
		{7114FD85-A1BE-44DB-8C01-DF01A393405A}.Release|Any CPU.ActiveCfg = Release|Any CPU
		{7114FD85-A1BE-44DB-8C01-DF01A393405A}.Release|Any CPU.Build.0 = Release|Any CPU
		{1AAAC017-39B6-4CA9-94B4-32E992D1F541}.Debug|Any CPU.ActiveCfg = Debug|Any CPU
		{1AAAC017-39B6-4CA9-94B4-32E992D1F541}.Debug|Any CPU.Build.0 = Debug|Any CPU
		{1AAAC017-39B6-4CA9-94B4-32E992D1F541}.Release|Any CPU.ActiveCfg = Release|Any CPU
		{1AAAC017-39B6-4CA9-94B4-32E992D1F541}.Release|Any CPU.Build.0 = Release|Any CPU
		{354131C5-A0BC-4A89-A48A-77D11DCA416C}.Debug|Any CPU.ActiveCfg = Debug|Any CPU
		{354131C5-A0BC-4A89-A48A-77D11DCA416C}.Debug|Any CPU.Build.0 = Debug|Any CPU
		{354131C5-A0BC-4A89-A48A-77D11DCA416C}.Release|Any CPU.ActiveCfg = Release|Any CPU
		{354131C5-A0BC-4A89-A48A-77D11DCA416C}.Release|Any CPU.Build.0 = Release|Any CPU
		{EE54C4F5-115D-484E-BB78-DCBB8861C804}.Debug|Any CPU.ActiveCfg = Debug|Any CPU
		{EE54C4F5-115D-484E-BB78-DCBB8861C804}.Debug|Any CPU.Build.0 = Debug|Any CPU
		{EE54C4F5-115D-484E-BB78-DCBB8861C804}.Release|Any CPU.ActiveCfg = Release|Any CPU
		{EE54C4F5-115D-484E-BB78-DCBB8861C804}.Release|Any CPU.Build.0 = Release|Any CPU
	EndGlobalSection
	GlobalSection(SolutionProperties) = preSolution
		HideSolutionNode = FALSE
	EndGlobalSection
	GlobalSection(ExtensibilityGlobals) = postSolution
		SolutionGuid = {0AB3DBF6-4944-4496-991B-5C813395731A}
	EndGlobalSection
EndGlobal
